
Microsoft Visual Studio Solution File, Format Version 12.00
# Visual Studio Version 17
VisualStudioVersion = 17.6.33801.468
MinimumVisualStudioVersion = 10.0.40219.1
Project("{8BC9CEB8-8B4A-11D0-8D11-00A0C91BC942}") = "Chapter1", "Chapter1\Chapter1.vcxproj", "{10EF78A7-F256-4ACE-8028-3AE87B9FE5D3}"
EndProject
Project("{8BC9CEB8-8B4A-11D0-8D11-00A0C91BC942}") = "Chapter2", "Chapter2\Chapter2.vcxproj", "{7102C109-C7D3-42DA-85F5-DC5C46B8584C}"
EndProject
Global
	GlobalSection(SolutionConfigurationPlatforms) = preSolution
		Debug|x64 = Debug|x64
		Debug|x86 = Debug|x86
		Release|x64 = Release|x64
		Release|x86 = Release|x86
	EndGlobalSection
	GlobalSection(ProjectConfigurationPlatforms) = postSolution
		{10EF78A7-F256-4ACE-8028-3AE87B9FE5D3}.Debug|x64.ActiveCfg = Debug|x64
		{10EF78A7-F256-4ACE-8028-3AE87B9FE5D3}.Debug|x64.Build.0 = Debug|x64
		{10EF78A7-F256-4ACE-8028-3AE87B9FE5D3}.Debug|x86.ActiveCfg = Debug|x64
		{10EF78A7-F256-4ACE-8028-3AE87B9FE5D3}.Debug|x86.Build.0 = Debug|x64
		{10EF78A7-F256-4ACE-8028-3AE87B9FE5D3}.Release|x64.ActiveCfg = Release|x64
		{10EF78A7-F256-4ACE-8028-3AE87B9FE5D3}.Release|x64.Build.0 = Release|x64
		{10EF78A7-F256-4ACE-8028-3AE87B9FE5D3}.Release|x86.ActiveCfg = Release|x64
		{10EF78A7-F256-4ACE-8028-3AE87B9FE5D3}.Release|x86.Build.0 = Release|x64
		{7102C109-C7D3-42DA-85F5-DC5C46B8584C}.Debug|x64.ActiveCfg = Debug|x64
		{7102C109-C7D3-42DA-85F5-DC5C46B8584C}.Debug|x64.Build.0 = Debug|x64
		{7102C109-C7D3-42DA-85F5-DC5C46B8584C}.Debug|x86.ActiveCfg = Debug|Win32
		{7102C109-C7D3-42DA-85F5-DC5C46B8584C}.Debug|x86.Build.0 = Debug|Win32
		{7102C109-C7D3-42DA-85F5-DC5C46B8584C}.Release|x64.ActiveCfg = Release|x64
		{7102C109-C7D3-42DA-85F5-DC5C46B8584C}.Release|x64.Build.0 = Release|x64
		{7102C109-C7D3-42DA-85F5-DC5C46B8584C}.Release|x86.ActiveCfg = Release|Win32
		{7102C109-C7D3-42DA-85F5-DC5C46B8584C}.Release|x86.Build.0 = Release|Win32
	EndGlobalSection
	GlobalSection(SolutionProperties) = preSolution
		HideSolutionNode = FALSE
	EndGlobalSection
	GlobalSection(ExtensibilityGlobals) = postSolution
		SolutionGuid = {98F77B2A-C213-44F5-B826-80541A7E61BF}
	EndGlobalSection
EndGlobal
